
Microsoft Visual Studio Solution File, Format Version 12.00
# Visual Studio Version 17
VisualStudioVersion = 17.8.34408.163
MinimumVisualStudioVersion = 10.0.40219.1
Project("{9A19103F-16F7-4668-BE54-9A1E7A4F7556}") = "Recruit", "Recruit_Form\Recruit.csproj", "{48EAF6A6-7733-4EA1-B4A7-29D03F37C6C9}"
EndProject
Global
	GlobalSection(SolutionConfigurationPlatforms) = preSolution
		Debug|Any CPU = Debug|Any CPU
		Release|Any CPU = Release|Any CPU
	EndGlobalSection
	GlobalSection(ProjectConfigurationPlatforms) = postSolution
		{48EAF6A6-7733-4EA1-B4A7-29D03F37C6C9}.Debug|Any CPU.ActiveCfg = Debug|Any CPU
		{48EAF6A6-7733-4EA1-B4A7-29D03F37C6C9}.Debug|Any CPU.Build.0 = Debug|Any CPU
		{48EAF6A6-7733-4EA1-B4A7-29D03F37C6C9}.Release|Any CPU.ActiveCfg = Release|Any CPU
		{48EAF6A6-7733-4EA1-B4A7-29D03F37C6C9}.Release|Any CPU.Build.0 = Release|Any CPU
	EndGlobalSection
	GlobalSection(SolutionProperties) = preSolution
		HideSolutionNode = FALSE
	EndGlobalSection
	GlobalSection(ExtensibilityGlobals) = postSolution
		SolutionGuid = {D7E47FF2-8AE5-4CDF-A50E-201207C515C9}
	EndGlobalSection
EndGlobal
